<?xml version="1.0" encoding="utf-8"?>
<Project ToolsVersion="4.0" xmlns="http://schemas.microsoft.com/developer/msbuild/2003">
  <ItemGroup>
    <Filter Include="Source Files">
      <UniqueIdentifier>{4FC737F1-C7A5-4376-A066-2A32D752A2FF}</UniqueIdentifier>
      <Extensions>cpp;c;cc;cxx;c++;cppm;ixx;def;odl;idl;hpj;bat;asm;asmx</Extensions>
    </Filter>
    <Filter Include="Header Files">
      <UniqueIdentifier>{93995380-89BD-4b04-88EB-625FBE52EBFB}</UniqueIdentifier>
      <Extensions>h;hh;hpp;hxx;h++;hm;inl;inc;ipp;xsd</Extensions>
    </Filter>
    <Filter Include="Resource Files">
      <UniqueIdentifier>{67DA6AB6-F800-4c08-8B7A-83BB121AAD01}</UniqueIdentifier>
      <Extensions>rc;ico;cur;bmp;dlg;rc2;rct;bin;rgs;gif;jpg;jpeg;jpe;resx;tiff;tif;png;wav;mfcribbon-ms</Extensions>
    </Filter>
  </ItemGroup>
  <ItemGroup>
    <ClCompile Include="RiskV.cpp">
      <Filter>Source Files</Filter>
    </ClCompile>
    <ClCompile Include="NES.cpp">
      <Filter>Source Files</Filter>
    </ClCompile>
    <ClCompile Include="RiskVProcessor.cpp">
      <Filter>Source Files</Filter>
    </ClCompile>
    <ClCompile Include="NESROM.cpp">
      <Filter>Source Files</Filter>
    </ClCompile>
    <ClCompile Include="NESLogger.cpp">
      <Filter>Source Files</Filter>
    </ClCompile>
    <ClCompile Include="PPU.cpp">
      <Filter>Source Files</Filter>
    </ClCompile>
    <ClCompile Include="SDLNTSC.cpp">
      <Filter>Source Files</Filter>
    </ClCompile>
    <ClCompile Include="lib\nes_ntsc\nes_ntsc.c">
      <Filter>Source Files</Filter>
    </ClCompile>
    <ClCompile Include="APU.cpp">
      <Filter>Source Files</Filter>
    </ClCompile>
    <ClCompile Include="lib\imgui\imgui_demo.cpp">
      <Filter>Source Files</Filter>
    </ClCompile>
    <ClCompile Include="lib\imgui\imgui_draw.cpp">
      <Filter>Source Files</Filter>
    </ClCompile>
    <ClCompile Include="lib\imgui\imgui_tables.cpp">
      <Filter>Source Files</Filter>
    </ClCompile>
    <ClCompile Include="lib\imgui\imgui_widgets.cpp">
      <Filter>Source Files</Filter>
    </ClCompile>
    <ClCompile Include="lib\imgui\imgui.cpp">
      <Filter>Source Files</Filter>
    </ClCompile>
    <ClCompile Include="lib\imgui\backends\imgui_impl_sdl3.cpp">
      <Filter>Source Files</Filter>
    </ClCompile>
    <ClCompile Include="lib\imgui\backends\imgui_impl_sdlrenderer3.cpp">
      <Filter>Source Files</Filter>
    </ClCompile>
  </ItemGroup>
  <ItemGroup>
    <ClInclude Include="NES.h">
      <Filter>Header Files</Filter>
    </ClInclude>
    <ClInclude Include="RiskVProcessor.h">
      <Filter>Header Files</Filter>
    </ClInclude>
    <ClInclude Include="NESROM.h">
      <Filter>Header Files</Filter>
    </ClInclude>
    <ClInclude Include="NESLogger.h">
      <Filter>Header Files</Filter>
    </ClInclude>
    <ClInclude Include="PPU.h">
      <Filter>Header Files</Filter>
    </ClInclude>
    <ClInclude Include="lib\nes_ntsc\nes_ntsc.h">
      <Filter>Header Files</Filter>
    </ClInclude>
    <ClInclude Include="lib\nes_ntsc\nes_ntsc_config.h">
      <Filter>Header Files</Filter>
    </ClInclude>
    <ClInclude Include="lib\nes_ntsc\nes_ntsc_impl.h">
      <Filter>Header Files</Filter>
    </ClInclude>
    <ClInclude Include="SDLNTSC.h">
      <Filter>Header Files</Filter>
    </ClInclude>
    <ClInclude Include="APU.h">
      <Filter>Header Files</Filter>
    </ClInclude>
    <ClInclude Include="lib\json\json.hpp">
      <Filter>Header Files</Filter>
    </ClInclude>
    <ClInclude Include="lib\json\json_fwd.hpp">
      <Filter>Header Files</Filter>
    </ClInclude>
    <ClInclude Include="lib\imgui\imgui.h">
      <Filter>Header Files</Filter>
    </ClInclude>
    <ClInclude Include="lib\imgui\backends\imgui_impl_sdl3.h">
      <Filter>Header Files</Filter>
    </ClInclude>
    <ClInclude Include="lib\imgui\backends\imgui_impl_sdlrenderer3.h">
      <Filter>Header Files</Filter>
    </ClInclude>
  </ItemGroup>
  <ItemGroup>
    <None Include="lib\nes_ntsc\tests\1.line_phase.nes" />
    <None Include="lib\nes_ntsc\tests\2.frame_phase.nes" />
    <None Include="lib\nes_ntsc\tests\3.special_frame_phase.nes" />
    <None Include="lib\nes_ntsc\nes_ntsc.inl">
      <Filter>Header Files</Filter>
    </None>
    <None Include="lib\imgui-master\backends\sdlgpu3\shader.frag" />
    <None Include="lib\imgui-master\backends\sdlgpu3\shader.vert" />
  </ItemGroup>
  <ItemGroup>
    <Text Include="lib\nes_ntsc\changes.txt" />
    <Text Include="lib\nes_ntsc\license.txt" />
    <Text Include="lib\nes_ntsc\nes_ntsc.txt" />
    <Text Include="lib\nes_ntsc\readme.txt" />
  </ItemGroup>
  <ItemGroup>
    <Image Include="lib\nes_ntsc\test.bmp">
      <Filter>Resource Files</Filter>
    </Image>
  </ItemGroup>
</Project>